{
  "name": "ngx-deview-infinite",
  "version": "0.0.1",
  "lockfileVersion": 1,
  "requires": true,
  "dependencies": {
    "@egjs/children-differ": {
      "version": "1.0.0",
      "resolved": "https://registry.npmjs.org/@egjs/children-differ/-/children-differ-1.0.0.tgz",
      "integrity": "sha512-NxaJx+dzLUVqLb6iPcu7Mt5m2HDH55VqqZUxGKZ74DKAsL1jxbXSv0jeql0ShN6ZuocULLgr+fztz2bsaBBLkQ==",
      "requires": {
        "@egjs/list-differ": "^1.0.0"
      }
    },
    "@egjs/component": {
      "version": "2.1.2",
      "resolved": "https://registry.npmjs.org/@egjs/component/-/component-2.1.2.tgz",
      "integrity": "sha512-7tnPiqxbSZ0porzlm0+/O3qZdanMj0zOq0sb17wQXuaRG49XKKKJaO+SacGnZDqf308N5hzJ0m9fZ4+j+VBvXA=="
    },
    "@egjs/deview-infinite": {
      "version": "0.0.5",
      "resolved": "https://registry.npmjs.org/@egjs/deview-infinite/-/deview-infinite-0.0.5.tgz",
      "integrity": "sha512-PIM6yigt2qjiujnEKagCFlxmGx0m0IiBmQ7xvpQ1GmcEYD9/kLSgEkelxVJwd8xBkiu0rbyBURlh83lk3fnjjw==",
      "requires": {
        "@egjs/children-differ": "^1.0.0",
        "@egjs/component": "^2.1.2"
      }
    },
    "@egjs/list-differ": {
      "version": "1.0.0",
      "resolved": "https://registry.npmjs.org/@egjs/list-differ/-/list-differ-1.0.0.tgz",
      "integrity": "sha512-HsbMKc0ZAQH+EUeCmI/2PvTYSybmkaWwakU8QGDYYgMVIg9BQ5sM0A0Nnombjxo2+JzXHxmH+jw//yGX+y6GYw=="
    }
  }
}
